
Microsoft Visual Studio Solution File, Format Version 12.00
# Visual Studio Version 17
VisualStudioVersion = 17.14.36414.22 d17.14
MinimumVisualStudioVersion = 10.0.40219.1
Project("{FAE04EC0-301F-11D3-BF4B-00C04F79EFBC}") = "MiHotel", "MiHotel\MiHotel.csproj", "{88673E68-8C98-4AB5-84CE-C2CEBF1FCF15}"
EndProject
Global
	GlobalSection(SolutionConfigurationPlatforms) = preSolution
		Debug|Any CPU = Debug|Any CPU
		Release|Any CPU = Release|Any CPU
	EndGlobalSection
	GlobalSection(ProjectConfigurationPlatforms) = postSolution
		{88673E68-8C98-4AB5-84CE-C2CEBF1FCF15}.Debug|Any CPU.ActiveCfg = Debug|Any CPU
		{88673E68-8C98-4AB5-84CE-C2CEBF1FCF15}.Debug|Any CPU.Build.0 = Debug|Any CPU
		{88673E68-8C98-4AB5-84CE-C2CEBF1FCF15}.Release|Any CPU.ActiveCfg = Release|Any CPU
		{88673E68-8C98-4AB5-84CE-C2CEBF1FCF15}.Release|Any CPU.Build.0 = Release|Any CPU
	EndGlobalSection
	GlobalSection(SolutionProperties) = preSolution
		HideSolutionNode = FALSE
	EndGlobalSection
	GlobalSection(ExtensibilityGlobals) = postSolution
		SolutionGuid = {80A9B55E-9067-44FF-849D-C7CD8D12AF25}
	EndGlobalSection
EndGlobal
